// !$*UTF8*$!
{
	archiveVersion = 1;
	classes = {
	};
	objectVersion = 55;
	objects = {

/* Begin PBXBuildFile section */
		10303A0828D8578A009BC9E1 /* HomeView.swift in Sources */ = {isa = PBXBuildFile; fileRef = 10303A0328D8578A009BC9E1 /* HomeView.swift */; };
		103C61F328FA86EF00A8A82B /* HomeFeature.swift in Sources */ = {isa = PBXBuildFile; fileRef = 103C61F228FA86EF00A8A82B /* HomeFeature.swift */; };
		103C61F828FA9D1400A8A82B /* UpcomingMovie.swift in Sources */ = {isa = PBXBuildFile; fileRef = 103C61F728FA9D1400A8A82B /* UpcomingMovie.swift */; };
		103C61FA28FAA6B300A8A82B /* UpcomingBanner.swift in Sources */ = {isa = PBXBuildFile; fileRef = 103C61F928FAA6B300A8A82B /* UpcomingBanner.swift */; };
		103C61FC28FAA8E400A8A82B /* MovieCardImageView.swift in Sources */ = {isa = PBXBuildFile; fileRef = 103C61FB28FAA8E400A8A82B /* MovieCardImageView.swift */; };
		103C61FE28FC3FD600A8A82B /* TopRatedMoviesModel.swift in Sources */ = {isa = PBXBuildFile; fileRef = 103C61FD28FC3FD600A8A82B /* TopRatedMoviesModel.swift */; };
		103C620128FCCD8E00A8A82B /* MovieDataImp.swift in Sources */ = {isa = PBXBuildFile; fileRef = 103C620028FCCD8E00A8A82B /* MovieDataImp.swift */; };
		103C620728FCDA8D00A8A82B /* SearchView.swift in Sources */ = {isa = PBXBuildFile; fileRef = 103C620628FCDA8D00A8A82B /* SearchView.swift */; };
		103C620928FCDAB600A8A82B /* SearchTextField.swift in Sources */ = {isa = PBXBuildFile; fileRef = 103C620828FCDAB600A8A82B /* SearchTextField.swift */; };
		103C620B28FCDADB00A8A82B /* SearchFeature.swift in Sources */ = {isa = PBXBuildFile; fileRef = 103C620A28FCDADB00A8A82B /* SearchFeature.swift */; };
		1052833C28C0DA81001CA6A4 /* TCA_ExampleApp.swift in Sources */ = {isa = PBXBuildFile; fileRef = 1052833B28C0DA81001CA6A4 /* TCA_ExampleApp.swift */; };
		1052833E28C0DA81001CA6A4 /* ContentView.swift in Sources */ = {isa = PBXBuildFile; fileRef = 1052833D28C0DA81001CA6A4 /* ContentView.swift */; };
		1052834028C0DA81001CA6A4 /* Assets.xcassets in Resources */ = {isa = PBXBuildFile; fileRef = 1052833F28C0DA81001CA6A4 /* Assets.xcassets */; };
		1052834328C0DA81001CA6A4 /* Preview Assets.xcassets in Resources */ = {isa = PBXBuildFile; fileRef = 1052834228C0DA81001CA6A4 /* Preview Assets.xcassets */; };
		1052834D28C0DA81001CA6A4 /* TCA_ExampleTests.swift in Sources */ = {isa = PBXBuildFile; fileRef = 1052834C28C0DA81001CA6A4 /* TCA_ExampleTests.swift */; };
		1052835728C0DA81001CA6A4 /* TCA_ExampleUITests.swift in Sources */ = {isa = PBXBuildFile; fileRef = 1052835628C0DA81001CA6A4 /* TCA_ExampleUITests.swift */; };
		1052835928C0DA81001CA6A4 /* TCA_ExampleUITestsLaunchTests.swift in Sources */ = {isa = PBXBuildFile; fileRef = 1052835828C0DA81001CA6A4 /* TCA_ExampleUITestsLaunchTests.swift */; };
		1052836728C0DAB1001CA6A4 /* ComposableArchitecture in Frameworks */ = {isa = PBXBuildFile; productRef = 1052836628C0DAB1001CA6A4 /* ComposableArchitecture */; };
		1052836A28C0DB86001CA6A4 /* Realm in Frameworks */ = {isa = PBXBuildFile; productRef = 1052836928C0DB86001CA6A4 /* Realm */; };
		1052836C28C0DB86001CA6A4 /* RealmSwift in Frameworks */ = {isa = PBXBuildFile; productRef = 1052836B28C0DB86001CA6A4 /* RealmSwift */; };
		1065439B28EC9B7C008964FF /* MovieCardView.swift in Sources */ = {isa = PBXBuildFile; fileRef = 1065439628EC9B7C008964FF /* MovieCardView.swift */; };
		106543A328EDE54A008964FF /* Constants.swift in Sources */ = {isa = PBXBuildFile; fileRef = 106543A228EDE54A008964FF /* Constants.swift */; };
		106543A628EDE704008964FF /* Font+Extension.swift in Sources */ = {isa = PBXBuildFile; fileRef = 106543A528EDE704008964FF /* Font+Extension.swift */; };
		106543A828F4E3A4008964FF /* MovieEndPoint.swift in Sources */ = {isa = PBXBuildFile; fileRef = 106543A728F4E3A4008964FF /* MovieEndPoint.swift */; };
		106543AD28F4F4EA008964FF /* MovieService.swift in Sources */ = {isa = PBXBuildFile; fileRef = 106543AC28F4F4EA008964FF /* MovieService.swift */; };
		106543B228F50103008964FF /* URL+Extension.swift in Sources */ = {isa = PBXBuildFile; fileRef = 106543B128F50103008964FF /* URL+Extension.swift */; };
		106543CC28F638C2008964FF /* Movie.swift in Sources */ = {isa = PBXBuildFile; fileRef = 106543CB28F638C2008964FF /* Movie.swift */; };
		106543D528F647C6008964FF /* Alamofire in Frameworks */ = {isa = PBXBuildFile; productRef = 106543D428F647C6008964FF /* Alamofire */; };
/* End PBXBuildFile section */

/* Begin PBXContainerItemProxy section */
		1052834928C0DA81001CA6A4 /* PBXContainerItemProxy */ = {
			isa = PBXContainerItemProxy;
			containerPortal = 1052833028C0DA81001CA6A4 /* Project object */;
			proxyType = 1;
			remoteGlobalIDString = 1052833728C0DA81001CA6A4;
			remoteInfo = "TCA-Example";
		};
		1052835328C0DA81001CA6A4 /* PBXContainerItemProxy */ = {
			isa = PBXContainerItemProxy;
			containerPortal = 1052833028C0DA81001CA6A4 /* Project object */;
			proxyType = 1;
			remoteGlobalIDString = 1052833728C0DA81001CA6A4;
			remoteInfo = "TCA-Example";
		};
/* End PBXContainerItemProxy section */

/* Begin PBXFileReference section */
		10303A0328D8578A009BC9E1 /* HomeView.swift */ = {isa = PBXFileReference; lastKnownFileType = sourcecode.swift; path = HomeView.swift; sourceTree = "<group>"; };
		103C61F228FA86EF00A8A82B /* HomeFeature.swift */ = {isa = PBXFileReference; lastKnownFileType = sourcecode.swift; path = HomeFeature.swift; sourceTree = "<group>"; };
		103C61F728FA9D1400A8A82B /* UpcomingMovie.swift */ = {isa = PBXFileReference; lastKnownFileType = sourcecode.swift; path = UpcomingMovie.swift; sourceTree = "<group>"; };
		103C61F928FAA6B300A8A82B /* UpcomingBanner.swift */ = {isa = PBXFileReference; lastKnownFileType = sourcecode.swift; path = UpcomingBanner.swift; sourceTree = "<group>"; };
		103C61FB28FAA8E400A8A82B /* MovieCardImageView.swift */ = {isa = PBXFileReference; lastKnownFileType = sourcecode.swift; path = MovieCardImageView.swift; sourceTree = "<group>"; };
		103C61FD28FC3FD600A8A82B /* TopRatedMoviesModel.swift */ = {isa = PBXFileReference; lastKnownFileType = sourcecode.swift; path = TopRatedMoviesModel.swift; sourceTree = "<group>"; };
		103C620028FCCD8E00A8A82B /* MovieDataImp.swift */ = {isa = PBXFileReference; lastKnownFileType = sourcecode.swift; path = MovieDataImp.swift; sourceTree = "<group>"; };
		103C620628FCDA8D00A8A82B /* SearchView.swift */ = {isa = PBXFileReference; lastKnownFileType = sourcecode.swift; path = SearchView.swift; sourceTree = "<group>"; };
		103C620828FCDAB600A8A82B /* SearchTextField.swift */ = {isa = PBXFileReference; lastKnownFileType = sourcecode.swift; path = SearchTextField.swift; sourceTree = "<group>"; };
		103C620A28FCDADB00A8A82B /* SearchFeature.swift */ = {isa = PBXFileReference; lastKnownFileType = sourcecode.swift; path = SearchFeature.swift; sourceTree = "<group>"; };
		1052833828C0DA81001CA6A4 /* TCA-Example.app */ = {isa = PBXFileReference; explicitFileType = wrapper.application; includeInIndex = 0; path = "TCA-Example.app"; sourceTree = BUILT_PRODUCTS_DIR; };
		1052833B28C0DA81001CA6A4 /* TCA_ExampleApp.swift */ = {isa = PBXFileReference; lastKnownFileType = sourcecode.swift; path = TCA_ExampleApp.swift; sourceTree = "<group>"; };
		1052833D28C0DA81001CA6A4 /* ContentView.swift */ = {isa = PBXFileReference; lastKnownFileType = sourcecode.swift; path = ContentView.swift; sourceTree = "<group>"; };
		1052833F28C0DA81001CA6A4 /* Assets.xcassets */ = {isa = PBXFileReference; lastKnownFileType = folder.assetcatalog; path = Assets.xcassets; sourceTree = "<group>"; };
		1052834228C0DA81001CA6A4 /* Preview Assets.xcassets */ = {isa = PBXFileReference; lastKnownFileType = folder.assetcatalog; path = "Preview Assets.xcassets"; sourceTree = "<group>"; };
		1052834828C0DA81001CA6A4 /* TCA-ExampleTests.xctest */ = {isa = PBXFileReference; explicitFileType = wrapper.cfbundle; includeInIndex = 0; path = "TCA-ExampleTests.xctest"; sourceTree = BUILT_PRODUCTS_DIR; };
		1052834C28C0DA81001CA6A4 /* TCA_ExampleTests.swift */ = {isa = PBXFileReference; lastKnownFileType = sourcecode.swift; path = TCA_ExampleTests.swift; sourceTree = "<group>"; };
		1052835228C0DA81001CA6A4 /* TCA-ExampleUITests.xctest */ = {isa = PBXFileReference; explicitFileType = wrapper.cfbundle; includeInIndex = 0; path = "TCA-ExampleUITests.xctest"; sourceTree = BUILT_PRODUCTS_DIR; };
		1052835628C0DA81001CA6A4 /* TCA_ExampleUITests.swift */ = {isa = PBXFileReference; lastKnownFileType = sourcecode.swift; path = TCA_ExampleUITests.swift; sourceTree = "<group>"; };
		1052835828C0DA81001CA6A4 /* TCA_ExampleUITestsLaunchTests.swift */ = {isa = PBXFileReference; lastKnownFileType = sourcecode.swift; path = TCA_ExampleUITestsLaunchTests.swift; sourceTree = "<group>"; };
		1065439628EC9B7C008964FF /* MovieCardView.swift */ = {isa = PBXFileReference; lastKnownFileType = sourcecode.swift; path = MovieCardView.swift; sourceTree = "<group>"; };
		106543A228EDE54A008964FF /* Constants.swift */ = {isa = PBXFileReference; lastKnownFileType = sourcecode.swift; path = Constants.swift; sourceTree = "<group>"; };
		106543A528EDE704008964FF /* Font+Extension.swift */ = {isa = PBXFileReference; lastKnownFileType = sourcecode.swift; path = "Font+Extension.swift"; sourceTree = "<group>"; };
		106543A728F4E3A4008964FF /* MovieEndPoint.swift */ = {isa = PBXFileReference; lastKnownFileType = sourcecode.swift; path = MovieEndPoint.swift; sourceTree = "<group>"; };
		106543A928F4EEBA008964FF /* Secrets.xcconfig */ = {isa = PBXFileReference; lastKnownFileType = text.xcconfig; path = Secrets.xcconfig; sourceTree = "<group>"; };
		106543AA28F4F012008964FF /* Info.plist */ = {isa = PBXFileReference; lastKnownFileType = text.plist; path = Info.plist; sourceTree = "<group>"; };
		106543AC28F4F4EA008964FF /* MovieService.swift */ = {isa = PBXFileReference; lastKnownFileType = sourcecode.swift; path = MovieService.swift; sourceTree = "<group>"; };
		106543B128F50103008964FF /* URL+Extension.swift */ = {isa = PBXFileReference; lastKnownFileType = sourcecode.swift; path = "URL+Extension.swift"; sourceTree = "<group>"; };
		106543CB28F638C2008964FF /* Movie.swift */ = {isa = PBXFileReference; lastKnownFileType = sourcecode.swift; path = Movie.swift; sourceTree = "<group>"; };
/* End PBXFileReference section */

/* Begin PBXFrameworksBuildPhase section */
		1052833528C0DA81001CA6A4 /* Frameworks */ = {
			isa = PBXFrameworksBuildPhase;
			buildActionMask = 2147483647;
			files = (
				1052836C28C0DB86001CA6A4 /* RealmSwift in Frameworks */,
				106543D528F647C6008964FF /* Alamofire in Frameworks */,
				1052836A28C0DB86001CA6A4 /* Realm in Frameworks */,
				1052836728C0DAB1001CA6A4 /* ComposableArchitecture in Frameworks */,
			);
			runOnlyForDeploymentPostprocessing = 0;
		};
		1052834528C0DA81001CA6A4 /* Frameworks */ = {
			isa = PBXFrameworksBuildPhase;
			buildActionMask = 2147483647;
			files = (
			);
			runOnlyForDeploymentPostprocessing = 0;
		};
		1052834F28C0DA81001CA6A4 /* Frameworks */ = {
			isa = PBXFrameworksBuildPhase;
			buildActionMask = 2147483647;
			files = (
			);
			runOnlyForDeploymentPostprocessing = 0;
		};
/* End PBXFrameworksBuildPhase section */

/* Begin PBXGroup section */
		10303A0C28D8579A009BC9E1 /* Home */ = {
			isa = PBXGroup;
			children = (
				103C61F528FA876200A8A82B /* View */,
				103C61F428FA876000A8A82B /* Core */,
			);
			path = Home;
			sourceTree = "<group>";
		};
		103C61F428FA876000A8A82B /* Core */ = {
			isa = PBXGroup;
			children = (
				103C61F228FA86EF00A8A82B /* HomeFeature.swift */,
			);
			path = Core;
			sourceTree = "<group>";
		};
		103C61F528FA876200A8A82B /* View */ = {
			isa = PBXGroup;
			children = (
				10303A0328D8578A009BC9E1 /* HomeView.swift */,
				103C61F928FAA6B300A8A82B /* UpcomingBanner.swift */,
			);
			path = View;
			sourceTree = "<group>";
		};
		103C61F628FA9D0100A8A82B /* Movie */ = {
			isa = PBXGroup;
			children = (
				106543CB28F638C2008964FF /* Movie.swift */,
				103C61F728FA9D1400A8A82B /* UpcomingMovie.swift */,
				103C61FD28FC3FD600A8A82B /* TopRatedMoviesModel.swift */,
			);
			path = Movie;
			sourceTree = "<group>";
		};
		103C61FF28FCCD7300A8A82B /* Protocols */ = {
			isa = PBXGroup;
			children = (
				103C620028FCCD8E00A8A82B /* MovieDataImp.swift */,
			);
			path = Protocols;
			sourceTree = "<group>";
		};
		103C620228FCD71400A8A82B /* Search */ = {
			isa = PBXGroup;
			children = (
				103C620428FCD72400A8A82B /* View */,
				103C620328FCD71600A8A82B /* Core */,
			);
			path = Search;
			sourceTree = "<group>";
		};
		103C620328FCD71600A8A82B /* Core */ = {
			isa = PBXGroup;
			children = (
				103C620A28FCDADB00A8A82B /* SearchFeature.swift */,
			);
			path = Core;
			sourceTree = "<group>";
		};
		103C620428FCD72400A8A82B /* View */ = {
			isa = PBXGroup;
			children = (
				103C620628FCDA8D00A8A82B /* SearchView.swift */,
				103C620828FCDAB600A8A82B /* SearchTextField.swift */,
			);
			path = View;
			sourceTree = "<group>";
		};
		103C620C28FCDF0700A8A82B /* Tab */ = {
			isa = PBXGroup;
			children = (
				103C620D28FCDF0D00A8A82B /* Core */,
			);
			path = Tab;
			sourceTree = "<group>";
		};
		103C620D28FCDF0D00A8A82B /* Core */ = {
			isa = PBXGroup;
			children = (
			);
			path = Core;
			sourceTree = "<group>";
		};
		1052832F28C0DA81001CA6A4 = {
			isa = PBXGroup;
			children = (
				106543A928F4EEBA008964FF /* Secrets.xcconfig */,
				1052833A28C0DA81001CA6A4 /* TCA-Example */,
				1052834B28C0DA81001CA6A4 /* TCA-ExampleTests */,
				1052835528C0DA81001CA6A4 /* TCA-ExampleUITests */,
				1052833928C0DA81001CA6A4 /* Products */,
			);
			sourceTree = "<group>";
		};
		1052833928C0DA81001CA6A4 /* Products */ = {
			isa = PBXGroup;
			children = (
				1052833828C0DA81001CA6A4 /* TCA-Example.app */,
				1052834828C0DA81001CA6A4 /* TCA-ExampleTests.xctest */,
				1052835228C0DA81001CA6A4 /* TCA-ExampleUITests.xctest */,
			);
			name = Products;
			sourceTree = "<group>";
		};
		1052833A28C0DA81001CA6A4 /* TCA-Example */ = {
			isa = PBXGroup;
			children = (
				103C620C28FCDF0700A8A82B /* Tab */,
				103C620228FCD71400A8A82B /* Search */,
				103C61FF28FCCD7300A8A82B /* Protocols */,
				106543AA28F4F012008964FF /* Info.plist */,
				106543A428EDE6FC008964FF /* Extension */,
				106543A128EDE53B008964FF /* Constants */,
				1065439F28ED6A6A008964FF /* Network */,
				1065439428EC9B5E008964FF /* MovieCard */,
				1065439328EC9B5A008964FF /* Model */,
				10303A0C28D8579A009BC9E1 /* Home */,
				1052833B28C0DA81001CA6A4 /* TCA_ExampleApp.swift */,
				1052833D28C0DA81001CA6A4 /* ContentView.swift */,
				1052833F28C0DA81001CA6A4 /* Assets.xcassets */,
				1052834128C0DA81001CA6A4 /* Preview Content */,
			);
			path = "TCA-Example";
			sourceTree = "<group>";
		};
		1052834128C0DA81001CA6A4 /* Preview Content */ = {
			isa = PBXGroup;
			children = (
				1052834228C0DA81001CA6A4 /* Preview Assets.xcassets */,
			);
			path = "Preview Content";
			sourceTree = "<group>";
		};
		1052834B28C0DA81001CA6A4 /* TCA-ExampleTests */ = {
			isa = PBXGroup;
			children = (
				1052834C28C0DA81001CA6A4 /* TCA_ExampleTests.swift */,
			);
			path = "TCA-ExampleTests";
			sourceTree = "<group>";
		};
		1052835528C0DA81001CA6A4 /* TCA-ExampleUITests */ = {
			isa = PBXGroup;
			children = (
				1052835628C0DA81001CA6A4 /* TCA_ExampleUITests.swift */,
				1052835828C0DA81001CA6A4 /* TCA_ExampleUITestsLaunchTests.swift */,
			);
			path = "TCA-ExampleUITests";
			sourceTree = "<group>";
		};
		1065439328EC9B5A008964FF /* Model */ = {
			isa = PBXGroup;
			children = (
				103C61F628FA9D0100A8A82B /* Movie */,
			);
			path = Model;
			sourceTree = "<group>";
		};
		1065439428EC9B5E008964FF /* MovieCard */ = {
			isa = PBXGroup;
			children = (
				1065439628EC9B7C008964FF /* MovieCardView.swift */,
				103C61FB28FAA8E400A8A82B /* MovieCardImageView.swift */,
			);
			path = MovieCard;
			sourceTree = "<group>";
		};
		1065439F28ED6A6A008964FF /* Network */ = {
			isa = PBXGroup;
			children = (
				106543AB28F4F4DF008964FF /* Service */,
				106543A028ED6A6F008964FF /* EndPoint */,
			);
			path = Network;
			sourceTree = "<group>";
		};
		106543A028ED6A6F008964FF /* EndPoint */ = {
			isa = PBXGroup;
			children = (
				106543A728F4E3A4008964FF /* MovieEndPoint.swift */,
			);
			path = EndPoint;
			sourceTree = "<group>";
		};
		106543A128EDE53B008964FF /* Constants */ = {
			isa = PBXGroup;
			children = (
				106543A228EDE54A008964FF /* Constants.swift */,
			);
			path = Constants;
			sourceTree = "<group>";
		};
		106543A428EDE6FC008964FF /* Extension */ = {
			isa = PBXGroup;
			children = (
				106543A528EDE704008964FF /* Font+Extension.swift */,
				106543B128F50103008964FF /* URL+Extension.swift */,
			);
			path = Extension;
			sourceTree = "<group>";
		};
		106543AB28F4F4DF008964FF /* Service */ = {
			isa = PBXGroup;
			children = (
				106543AC28F4F4EA008964FF /* MovieService.swift */,
			);
			path = Service;
			sourceTree = "<group>";
		};
/* End PBXGroup section */

/* Begin PBXNativeTarget section */
		1052833728C0DA81001CA6A4 /* TCA-Example */ = {
			isa = PBXNativeTarget;
			buildConfigurationList = 1052835C28C0DA81001CA6A4 /* Build configuration list for PBXNativeTarget "TCA-Example" */;
			buildPhases = (
				1052833428C0DA81001CA6A4 /* Sources */,
				1052833528C0DA81001CA6A4 /* Frameworks */,
				1052833628C0DA81001CA6A4 /* Resources */,
			);
			buildRules = (
			);
			dependencies = (
			);
			name = "TCA-Example";
			packageProductDependencies = (
				1052836628C0DAB1001CA6A4 /* ComposableArchitecture */,
				1052836928C0DB86001CA6A4 /* Realm */,
				1052836B28C0DB86001CA6A4 /* RealmSwift */,
				106543D428F647C6008964FF /* Alamofire */,
			);
			productName = "TCA-Example";
			productReference = 1052833828C0DA81001CA6A4 /* TCA-Example.app */;
			productType = "com.apple.product-type.application";
		};
		1052834728C0DA81001CA6A4 /* TCA-ExampleTests */ = {
			isa = PBXNativeTarget;
			buildConfigurationList = 1052835F28C0DA81001CA6A4 /* Build configuration list for PBXNativeTarget "TCA-ExampleTests" */;
			buildPhases = (
				1052834428C0DA81001CA6A4 /* Sources */,
				1052834528C0DA81001CA6A4 /* Frameworks */,
				1052834628C0DA81001CA6A4 /* Resources */,
			);
			buildRules = (
			);
			dependencies = (
				1052834A28C0DA81001CA6A4 /* PBXTargetDependency */,
			);
			name = "TCA-ExampleTests";
			productName = "TCA-ExampleTests";
			productReference = 1052834828C0DA81001CA6A4 /* TCA-ExampleTests.xctest */;
			productType = "com.apple.product-type.bundle.unit-test";
		};
		1052835128C0DA81001CA6A4 /* TCA-ExampleUITests */ = {
			isa = PBXNativeTarget;
			buildConfigurationList = 1052836228C0DA81001CA6A4 /* Build configuration list for PBXNativeTarget "TCA-ExampleUITests" */;
			buildPhases = (
				1052834E28C0DA81001CA6A4 /* Sources */,
				1052834F28C0DA81001CA6A4 /* Frameworks */,
				1052835028C0DA81001CA6A4 /* Resources */,
			);
			buildRules = (
			);
			dependencies = (
				1052835428C0DA81001CA6A4 /* PBXTargetDependency */,
			);
			name = "TCA-ExampleUITests";
			productName = "TCA-ExampleUITests";
			productReference = 1052835228C0DA81001CA6A4 /* TCA-ExampleUITests.xctest */;
			productType = "com.apple.product-type.bundle.ui-testing";
		};
/* End PBXNativeTarget section */

/* Begin PBXProject section */
		1052833028C0DA81001CA6A4 /* Project object */ = {
			isa = PBXProject;
			attributes = {
				BuildIndependentTargetsInParallel = 1;
				LastSwiftUpdateCheck = 1340;
				LastUpgradeCheck = 1340;
				TargetAttributes = {
					1052833728C0DA81001CA6A4 = {
						CreatedOnToolsVersion = 13.4.1;
					};
					1052834728C0DA81001CA6A4 = {
						CreatedOnToolsVersion = 13.4.1;
						TestTargetID = 1052833728C0DA81001CA6A4;
					};
					1052835128C0DA81001CA6A4 = {
						CreatedOnToolsVersion = 13.4.1;
						TestTargetID = 1052833728C0DA81001CA6A4;
					};
				};
			};
			buildConfigurationList = 1052833328C0DA81001CA6A4 /* Build configuration list for PBXProject "TCA-Example" */;
			compatibilityVersion = "Xcode 13.0";
			developmentRegion = en;
			hasScannedForEncodings = 0;
			knownRegions = (
				en,
				Base,
			);
			mainGroup = 1052832F28C0DA81001CA6A4;
			packageReferences = (
				1052836528C0DAB1001CA6A4 /* XCRemoteSwiftPackageReference "swift-composable-architecture" */,
				1052836828C0DB86001CA6A4 /* XCRemoteSwiftPackageReference "realm-swift" */,
				106543D328F647C6008964FF /* XCRemoteSwiftPackageReference "Alamofire" */,
			);
			productRefGroup = 1052833928C0DA81001CA6A4 /* Products */;
			projectDirPath = "";
			projectRoot = "";
			targets = (
				1052833728C0DA81001CA6A4 /* TCA-Example */,
				1052834728C0DA81001CA6A4 /* TCA-ExampleTests */,
				1052835128C0DA81001CA6A4 /* TCA-ExampleUITests */,
			);
		};
/* End PBXProject section */

/* Begin PBXResourcesBuildPhase section */
		1052833628C0DA81001CA6A4 /* Resources */ = {
			isa = PBXResourcesBuildPhase;
			buildActionMask = 2147483647;
			files = (
				1052834328C0DA81001CA6A4 /* Preview Assets.xcassets in Resources */,
				1052834028C0DA81001CA6A4 /* Assets.xcassets in Resources */,
			);
			runOnlyForDeploymentPostprocessing = 0;
		};
		1052834628C0DA81001CA6A4 /* Resources */ = {
			isa = PBXResourcesBuildPhase;
			buildActionMask = 2147483647;
			files = (
			);
			runOnlyForDeploymentPostprocessing = 0;
		};
		1052835028C0DA81001CA6A4 /* Resources */ = {
			isa = PBXResourcesBuildPhase;
			buildActionMask = 2147483647;
			files = (
			);
			runOnlyForDeploymentPostprocessing = 0;
		};
/* End PBXResourcesBuildPhase section */

/* Begin PBXSourcesBuildPhase section */
		1052833428C0DA81001CA6A4 /* Sources */ = {
			isa = PBXSourcesBuildPhase;
			buildActionMask = 2147483647;
			files = (
				103C61FA28FAA6B300A8A82B /* UpcomingBanner.swift in Sources */,
				10303A0828D8578A009BC9E1 /* HomeView.swift in Sources */,
				1052833E28C0DA81001CA6A4 /* ContentView.swift in Sources */,
				106543B228F50103008964FF /* URL+Extension.swift in Sources */,
				1065439B28EC9B7C008964FF /* MovieCardView.swift in Sources */,
				103C61FE28FC3FD600A8A82B /* TopRatedMoviesModel.swift in Sources */,
				103C620728FCDA8D00A8A82B /* SearchView.swift in Sources */,
				103C61F328FA86EF00A8A82B /* HomeFeature.swift in Sources */,
				106543A328EDE54A008964FF /* Constants.swift in Sources */,
				103C620B28FCDADB00A8A82B /* SearchFeature.swift in Sources */,
				103C61FC28FAA8E400A8A82B /* MovieCardImageView.swift in Sources */,
				106543CC28F638C2008964FF /* Movie.swift in Sources */,
				1052833C28C0DA81001CA6A4 /* TCA_ExampleApp.swift in Sources */,
				106543A828F4E3A4008964FF /* MovieEndPoint.swift in Sources */,
				103C61F828FA9D1400A8A82B /* UpcomingMovie.swift in Sources */,
				103C620128FCCD8E00A8A82B /* MovieDataImp.swift in Sources */,
				106543A628EDE704008964FF /* Font+Extension.swift in Sources */,
				106543AD28F4F4EA008964FF /* MovieService.swift in Sources */,
				103C620928FCDAB600A8A82B /* SearchTextField.swift in Sources */,
			);
			runOnlyForDeploymentPostprocessing = 0;
		};
		1052834428C0DA81001CA6A4 /* Sources */ = {
			isa = PBXSourcesBuildPhase;
			buildActionMask = 2147483647;
			files = (
				1052834D28C0DA81001CA6A4 /* TCA_ExampleTests.swift in Sources */,
			);
			runOnlyForDeploymentPostprocessing = 0;
		};
		1052834E28C0DA81001CA6A4 /* Sources */ = {
			isa = PBXSourcesBuildPhase;
			buildActionMask = 2147483647;
			files = (
				1052835928C0DA81001CA6A4 /* TCA_ExampleUITestsLaunchTests.swift in Sources */,
				1052835728C0DA81001CA6A4 /* TCA_ExampleUITests.swift in Sources */,
			);
			runOnlyForDeploymentPostprocessing = 0;
		};
/* End PBXSourcesBuildPhase section */

/* Begin PBXTargetDependency section */
		1052834A28C0DA81001CA6A4 /* PBXTargetDependency */ = {
			isa = PBXTargetDependency;
			target = 1052833728C0DA81001CA6A4 /* TCA-Example */;
			targetProxy = 1052834928C0DA81001CA6A4 /* PBXContainerItemProxy */;
		};
		1052835428C0DA81001CA6A4 /* PBXTargetDependency */ = {
			isa = PBXTargetDependency;
			target = 1052833728C0DA81001CA6A4 /* TCA-Example */;
			targetProxy = 1052835328C0DA81001CA6A4 /* PBXContainerItemProxy */;
		};
/* End PBXTargetDependency section */

/* Begin XCBuildConfiguration section */
		1052835A28C0DA81001CA6A4 /* Debug */ = {
			isa = XCBuildConfiguration;
			buildSettings = {
				ALWAYS_SEARCH_USER_PATHS = NO;
				CLANG_ANALYZER_NONNULL = YES;
				CLANG_ANALYZER_NUMBER_OBJECT_CONVERSION = YES_AGGRESSIVE;
				CLANG_CXX_LANGUAGE_STANDARD = "gnu++17";
				CLANG_ENABLE_MODULES = YES;
				CLANG_ENABLE_OBJC_ARC = YES;
				CLANG_ENABLE_OBJC_WEAK = YES;
				CLANG_WARN_BLOCK_CAPTURE_AUTORELEASING = YES;
				CLANG_WARN_BOOL_CONVERSION = YES;
				CLANG_WARN_COMMA = YES;
				CLANG_WARN_CONSTANT_CONVERSION = YES;
				CLANG_WARN_DEPRECATED_OBJC_IMPLEMENTATIONS = YES;
				CLANG_WARN_DIRECT_OBJC_ISA_USAGE = YES_ERROR;
				CLANG_WARN_DOCUMENTATION_COMMENTS = YES;
				CLANG_WARN_EMPTY_BODY = YES;
				CLANG_WARN_ENUM_CONVERSION = YES;
				CLANG_WARN_INFINITE_RECURSION = YES;
				CLANG_WARN_INT_CONVERSION = YES;
				CLANG_WARN_NON_LITERAL_NULL_CONVERSION = YES;
				CLANG_WARN_OBJC_IMPLICIT_RETAIN_SELF = YES;
				CLANG_WARN_OBJC_LITERAL_CONVERSION = YES;
				CLANG_WARN_OBJC_ROOT_CLASS = YES_ERROR;
				CLANG_WARN_QUOTED_INCLUDE_IN_FRAMEWORK_HEADER = YES;
				CLANG_WARN_RANGE_LOOP_ANALYSIS = YES;
				CLANG_WARN_STRICT_PROTOTYPES = YES;
				CLANG_WARN_SUSPICIOUS_MOVE = YES;
				CLANG_WARN_UNGUARDED_AVAILABILITY = YES_AGGRESSIVE;
				CLANG_WARN_UNREACHABLE_CODE = YES;
				CLANG_WARN__DUPLICATE_METHOD_MATCH = YES;
				COPY_PHASE_STRIP = NO;
				DEBUG_INFORMATION_FORMAT = dwarf;
				ENABLE_STRICT_OBJC_MSGSEND = YES;
				ENABLE_TESTABILITY = YES;
				GCC_C_LANGUAGE_STANDARD = gnu11;
				GCC_DYNAMIC_NO_PIC = NO;
				GCC_NO_COMMON_BLOCKS = YES;
				GCC_OPTIMIZATION_LEVEL = 0;
				GCC_PREPROCESSOR_DEFINITIONS = (
					"DEBUG=1",
					"$(inherited)",
				);
				GCC_WARN_64_TO_32_BIT_CONVERSION = YES;
				GCC_WARN_ABOUT_RETURN_TYPE = YES_ERROR;
				GCC_WARN_UNDECLARED_SELECTOR = YES;
				GCC_WARN_UNINITIALIZED_AUTOS = YES_AGGRESSIVE;
				GCC_WARN_UNUSED_FUNCTION = YES;
				GCC_WARN_UNUSED_VARIABLE = YES;
				IPHONEOS_DEPLOYMENT_TARGET = 15.0;
				MTL_ENABLE_DEBUG_INFO = INCLUDE_SOURCE;
				MTL_FAST_MATH = YES;
				ONLY_ACTIVE_ARCH = YES;
				SDKROOT = iphoneos;
				SWIFT_ACTIVE_COMPILATION_CONDITIONS = DEBUG;
				SWIFT_OPTIMIZATION_LEVEL = "-Onone";
			};
			name = Debug;
		};
		1052835B28C0DA81001CA6A4 /* Release */ = {
			isa = XCBuildConfiguration;
			buildSettings = {
				ALWAYS_SEARCH_USER_PATHS = NO;
				CLANG_ANALYZER_NONNULL = YES;
				CLANG_ANALYZER_NUMBER_OBJECT_CONVERSION = YES_AGGRESSIVE;
				CLANG_CXX_LANGUAGE_STANDARD = "gnu++17";
				CLANG_ENABLE_MODULES = YES;
				CLANG_ENABLE_OBJC_ARC = YES;
				CLANG_ENABLE_OBJC_WEAK = YES;
				CLANG_WARN_BLOCK_CAPTURE_AUTORELEASING = YES;
				CLANG_WARN_BOOL_CONVERSION = YES;
				CLANG_WARN_COMMA = YES;
				CLANG_WARN_CONSTANT_CONVERSION = YES;
				CLANG_WARN_DEPRECATED_OBJC_IMPLEMENTATIONS = YES;
				CLANG_WARN_DIRECT_OBJC_ISA_USAGE = YES_ERROR;
				CLANG_WARN_DOCUMENTATION_COMMENTS = YES;
				CLANG_WARN_EMPTY_BODY = YES;
				CLANG_WARN_ENUM_CONVERSION = YES;
				CLANG_WARN_INFINITE_RECURSION = YES;
				CLANG_WARN_INT_CONVERSION = YES;
				CLANG_WARN_NON_LITERAL_NULL_CONVERSION = YES;
				CLANG_WARN_OBJC_IMPLICIT_RETAIN_SELF = YES;
				CLANG_WARN_OBJC_LITERAL_CONVERSION = YES;
				CLANG_WARN_OBJC_ROOT_CLASS = YES_ERROR;
				CLANG_WARN_QUOTED_INCLUDE_IN_FRAMEWORK_HEADER = YES;
				CLANG_WARN_RANGE_LOOP_ANALYSIS = YES;
				CLANG_WARN_STRICT_PROTOTYPES = YES;
				CLANG_WARN_SUSPICIOUS_MOVE = YES;
				CLANG_WARN_UNGUARDED_AVAILABILITY = YES_AGGRESSIVE;
				CLANG_WARN_UNREACHABLE_CODE = YES;
				CLANG_WARN__DUPLICATE_METHOD_MATCH = YES;
				COPY_PHASE_STRIP = NO;
				DEBUG_INFORMATION_FORMAT = "dwarf-with-dsym";
				ENABLE_NS_ASSERTIONS = NO;
				ENABLE_STRICT_OBJC_MSGSEND = YES;
				GCC_C_LANGUAGE_STANDARD = gnu11;
				GCC_NO_COMMON_BLOCKS = YES;
				GCC_WARN_64_TO_32_BIT_CONVERSION = YES;
				GCC_WARN_ABOUT_RETURN_TYPE = YES_ERROR;
				GCC_WARN_UNDECLARED_SELECTOR = YES;
				GCC_WARN_UNINITIALIZED_AUTOS = YES_AGGRESSIVE;
				GCC_WARN_UNUSED_FUNCTION = YES;
				GCC_WARN_UNUSED_VARIABLE = YES;
				IPHONEOS_DEPLOYMENT_TARGET = 15.0;
				MTL_ENABLE_DEBUG_INFO = NO;
				MTL_FAST_MATH = YES;
				SDKROOT = iphoneos;
				SWIFT_COMPILATION_MODE = wholemodule;
				SWIFT_OPTIMIZATION_LEVEL = "-O";
				VALIDATE_PRODUCT = YES;
			};
			name = Release;
		};
		1052835D28C0DA81001CA6A4 /* Debug */ = {
			isa = XCBuildConfiguration;
			baseConfigurationReference = 106543A928F4EEBA008964FF /* Secrets.xcconfig */;
			buildSettings = {
				ASSETCATALOG_COMPILER_APPICON_NAME = AppIcon;
				ASSETCATALOG_COMPILER_GLOBAL_ACCENT_COLOR_NAME = AccentColor;
				CODE_SIGN_STYLE = Automatic;
				CURRENT_PROJECT_VERSION = 1;
				DEVELOPMENT_ASSET_PATHS = "\"TCA-Example/Preview Content\"";
				DEVELOPMENT_TEAM = G959C5W2NC;
				ENABLE_PREVIEWS = YES;
				GENERATE_INFOPLIST_FILE = YES;
				INFOPLIST_FILE = "TCA-Example/Info.plist";
				INFOPLIST_KEY_UIApplicationSceneManifest_Generation = YES;
				INFOPLIST_KEY_UIApplicationSupportsIndirectInputEvents = YES;
				INFOPLIST_KEY_UILaunchScreen_Generation = YES;
				INFOPLIST_KEY_UISupportedInterfaceOrientations_iPad = "UIInterfaceOrientationPortrait UIInterfaceOrientationPortraitUpsideDown UIInterfaceOrientationLandscapeLeft UIInterfaceOrientationLandscapeRight";
				INFOPLIST_KEY_UISupportedInterfaceOrientations_iPhone = "UIInterfaceOrientationPortrait UIInterfaceOrientationLandscapeLeft UIInterfaceOrientationLandscapeRight";
				INFOPLIST_KEY_UIUserInterfaceStyle = Dark;
				LD_RUNPATH_SEARCH_PATHS = (
					"$(inherited)",
					"@executable_path/Frameworks",
				);
				MARKETING_VERSION = 1.0;
				PRODUCT_BUNDLE_IDENTIFIER = "com.yeonpark.TCA-Example";
				PRODUCT_NAME = "$(TARGET_NAME)";
				SWIFT_EMIT_LOC_STRINGS = YES;
				SWIFT_VERSION = 5.0;
				TARGETED_DEVICE_FAMILY = "1,2";
			};
			name = Debug;
		};
		1052835E28C0DA81001CA6A4 /* Release */ = {
			isa = XCBuildConfiguration;
			buildSettings = {
				ASSETCATALOG_COMPILER_APPICON_NAME = AppIcon;
				ASSETCATALOG_COMPILER_GLOBAL_ACCENT_COLOR_NAME = AccentColor;
				CODE_SIGN_STYLE = Automatic;
				CURRENT_PROJECT_VERSION = 1;
				DEVELOPMENT_ASSET_PATHS = "\"TCA-Example/Preview Content\"";
				DEVELOPMENT_TEAM = G959C5W2NC;
				ENABLE_PREVIEWS = YES;
				GENERATE_INFOPLIST_FILE = YES;
				INFOPLIST_FILE = "TCA-Example/Info.plist";
				INFOPLIST_KEY_UIApplicationSceneManifest_Generation = YES;
				INFOPLIST_KEY_UIApplicationSupportsIndirectInputEvents = YES;
				INFOPLIST_KEY_UILaunchScreen_Generation = YES;
				INFOPLIST_KEY_UISupportedInterfaceOrientations_iPad = "UIInterfaceOrientationPortrait UIInterfaceOrientationPortraitUpsideDown UIInterfaceOrientationLandscapeLeft UIInterfaceOrientationLandscapeRight";
				INFOPLIST_KEY_UISupportedInterfaceOrientations_iPhone = "UIInterfaceOrientationPortrait UIInterfaceOrientationLandscapeLeft UIInterfaceOrientationLandscapeRight";
				INFOPLIST_KEY_UIUserInterfaceStyle = Dark;
				LD_RUNPATH_SEARCH_PATHS = (
					"$(inherited)",
					"@executable_path/Frameworks",
				);
				MARKETING_VERSION = 1.0;
				PRODUCT_BUNDLE_IDENTIFIER = "com.yeonpark.TCA-Example";
				PRODUCT_NAME = "$(TARGET_NAME)";
				SWIFT_EMIT_LOC_STRINGS = YES;
				SWIFT_VERSION = 5.0;
				TARGETED_DEVICE_FAMILY = "1,2";
			};
			name = Release;
		};
		1052836028C0DA81001CA6A4 /* Debug */ = {
			isa = XCBuildConfiguration;
			baseConfigurationReference = 106543A928F4EEBA008964FF /* Secrets.xcconfig */;
			buildSettings = {
				ALWAYS_EMBED_SWIFT_STANDARD_LIBRARIES = YES;
				BUNDLE_LOADER = "$(TEST_HOST)";
				CODE_SIGN_STYLE = Automatic;
				CURRENT_PROJECT_VERSION = 1;
				DEVELOPMENT_TEAM = G959C5W2NC;
				GENERATE_INFOPLIST_FILE = YES;
				IPHONEOS_DEPLOYMENT_TARGET = 15.5;
				MARKETING_VERSION = 1.0;
				PRODUCT_BUNDLE_IDENTIFIER = "com.yeonpark.TCA-ExampleTests";
				PRODUCT_NAME = "$(TARGET_NAME)";
				SWIFT_EMIT_LOC_STRINGS = NO;
				SWIFT_VERSION = 5.0;
				TARGETED_DEVICE_FAMILY = "1,2";
				TEST_HOST = "$(BUILT_PRODUCTS_DIR)/TCA-Example.app/TCA-Example";
			};
			name = Debug;
		};
		1052836128C0DA81001CA6A4 /* Release */ = {
			isa = XCBuildConfiguration;
			buildSettings = {
				ALWAYS_EMBED_SWIFT_STANDARD_LIBRARIES = YES;
				BUNDLE_LOADER = "$(TEST_HOST)";
				CODE_SIGN_STYLE = Automatic;
				CURRENT_PROJECT_VERSION = 1;
				DEVELOPMENT_TEAM = G959C5W2NC;
				GENERATE_INFOPLIST_FILE = YES;
				IPHONEOS_DEPLOYMENT_TARGET = 15.5;
				MARKETING_VERSION = 1.0;
				PRODUCT_BUNDLE_IDENTIFIER = "com.yeonpark.TCA-ExampleTests";
				PRODUCT_NAME = "$(TARGET_NAME)";
				SWIFT_EMIT_LOC_STRINGS = NO;
				SWIFT_VERSION = 5.0;
				TARGETED_DEVICE_FAMILY = "1,2";
				TEST_HOST = "$(BUILT_PRODUCTS_DIR)/TCA-Example.app/TCA-Example";
			};
			name = Release;
		};
		1052836328C0DA81001CA6A4 /* Debug */ = {
			isa = XCBuildConfiguration;
			buildSettings = {
				ALWAYS_EMBED_SWIFT_STANDARD_LIBRARIES = YES;
				CODE_SIGN_STYLE = Automatic;
				CURRENT_PROJECT_VERSION = 1;
				DEVELOPMENT_TEAM = G959C5W2NC;
				GENERATE_INFOPLIST_FILE = YES;
				MARKETING_VERSION = 1.0;
				PRODUCT_BUNDLE_IDENTIFIER = "com.yeonpark.TCA-ExampleUITests";
				PRODUCT_NAME = "$(TARGET_NAME)";
				SWIFT_EMIT_LOC_STRINGS = NO;
				SWIFT_VERSION = 5.0;
				TARGETED_DEVICE_FAMILY = "1,2";
				TEST_TARGET_NAME = "TCA-Example";
			};
			name = Debug;
		};
		1052836428C0DA81001CA6A4 /* Release */ = {
			isa = XCBuildConfiguration;
			buildSettings = {
				ALWAYS_EMBED_SWIFT_STANDARD_LIBRARIES = YES;
				CODE_SIGN_STYLE = Automatic;
				CURRENT_PROJECT_VERSION = 1;
				DEVELOPMENT_TEAM = G959C5W2NC;
				GENERATE_INFOPLIST_FILE = YES;
				MARKETING_VERSION = 1.0;
				PRODUCT_BUNDLE_IDENTIFIER = "com.yeonpark.TCA-ExampleUITests";
				PRODUCT_NAME = "$(TARGET_NAME)";
				SWIFT_EMIT_LOC_STRINGS = NO;
				SWIFT_VERSION = 5.0;
				TARGETED_DEVICE_FAMILY = "1,2";
				TEST_TARGET_NAME = "TCA-Example";
			};
			name = Release;
		};
/* End XCBuildConfiguration section */

/* Begin XCConfigurationList section */
		1052833328C0DA81001CA6A4 /* Build configuration list for PBXProject "TCA-Example" */ = {
			isa = XCConfigurationList;
			buildConfigurations = (
				1052835A28C0DA81001CA6A4 /* Debug */,
				1052835B28C0DA81001CA6A4 /* Release */,
			);
			defaultConfigurationIsVisible = 0;
			defaultConfigurationName = Release;
		};
		1052835C28C0DA81001CA6A4 /* Build configuration list for PBXNativeTarget "TCA-Example" */ = {
			isa = XCConfigurationList;
			buildConfigurations = (
				1052835D28C0DA81001CA6A4 /* Debug */,
				1052835E28C0DA81001CA6A4 /* Release */,
			);
			defaultConfigurationIsVisible = 0;
			defaultConfigurationName = Release;
		};
		1052835F28C0DA81001CA6A4 /* Build configuration list for PBXNativeTarget "TCA-ExampleTests" */ = {
			isa = XCConfigurationList;
			buildConfigurations = (
				1052836028C0DA81001CA6A4 /* Debug */,
				1052836128C0DA81001CA6A4 /* Release */,
			);
			defaultConfigurationIsVisible = 0;
			defaultConfigurationName = Release;
		};
		1052836228C0DA81001CA6A4 /* Build configuration list for PBXNativeTarget "TCA-ExampleUITests" */ = {
			isa = XCConfigurationList;
			buildConfigurations = (
				1052836328C0DA81001CA6A4 /* Debug */,
				1052836428C0DA81001CA6A4 /* Release */,
			);
			defaultConfigurationIsVisible = 0;
			defaultConfigurationName = Release;
		};
/* End XCConfigurationList section */

/* Begin XCRemoteSwiftPackageReference section */
		1052836528C0DAB1001CA6A4 /* XCRemoteSwiftPackageReference "swift-composable-architecture" */ = {
			isa = XCRemoteSwiftPackageReference;
			repositoryURL = "https://github.com/pointfreeco/swift-composable-architecture";
			requirement = {
				kind = upToNextMajorVersion;
				minimumVersion = 0.9.0;
			};
		};
		1052836828C0DB86001CA6A4 /* XCRemoteSwiftPackageReference "realm-swift" */ = {
			isa = XCRemoteSwiftPackageReference;
			repositoryURL = "https://github.com/realm/realm-swift.git";
			requirement = {
				branch = master;
				kind = branch;
			};
		};
		106543D328F647C6008964FF /* XCRemoteSwiftPackageReference "Alamofire" */ = {
			isa = XCRemoteSwiftPackageReference;
			repositoryURL = "https://github.com/Alamofire/Alamofire.git";
			requirement = {
				kind = upToNextMajorVersion;
				minimumVersion = 5.5.0;
			};
		};
/* End XCRemoteSwiftPackageReference section */

/* Begin XCSwiftPackageProductDependency section */
		1052836628C0DAB1001CA6A4 /* ComposableArchitecture */ = {
			isa = XCSwiftPackageProductDependency;
			package = 1052836528C0DAB1001CA6A4 /* XCRemoteSwiftPackageReference "swift-composable-architecture" */;
			productName = ComposableArchitecture;
		};
		1052836928C0DB86001CA6A4 /* Realm */ = {
			isa = XCSwiftPackageProductDependency;
			package = 1052836828C0DB86001CA6A4 /* XCRemoteSwiftPackageReference "realm-swift" */;
			productName = Realm;
		};
		1052836B28C0DB86001CA6A4 /* RealmSwift */ = {
			isa = XCSwiftPackageProductDependency;
			package = 1052836828C0DB86001CA6A4 /* XCRemoteSwiftPackageReference "realm-swift" */;
			productName = RealmSwift;
		};
		106543D428F647C6008964FF /* Alamofire */ = {
			isa = XCSwiftPackageProductDependency;
			package = 106543D328F647C6008964FF /* XCRemoteSwiftPackageReference "Alamofire" */;
			productName = Alamofire;
		};
/* End XCSwiftPackageProductDependency section */
	};
	rootObject = 1052833028C0DA81001CA6A4 /* Project object */;
}
