// !$*UTF8*$!
{
	archiveVersion = 1;
	classes = {
	};
	objectVersion = 55;
	objects = {

/* Begin PBXBuildFile section */
		1052833C28C0DA81001CA6A4 /* TCA_ExampleApp.swift in Sources */ = {isa = PBXBuildFile; fileRef = 1052833B28C0DA81001CA6A4 /* TCA_ExampleApp.swift */; };
		1052833E28C0DA81001CA6A4 /* ContentView.swift in Sources */ = {isa = PBXBuildFile; fileRef = 1052833D28C0DA81001CA6A4 /* ContentView.swift */; };
		1052834028C0DA81001CA6A4 /* Assets.xcassets in Resources */ = {isa = PBXBuildFile; fileRef = 1052833F28C0DA81001CA6A4 /* Assets.xcassets */; };
		1052834328C0DA81001CA6A4 /* Preview Assets.xcassets in Resources */ = {isa = PBXBuildFile; fileRef = 1052834228C0DA81001CA6A4 /* Preview Assets.xcassets */; };
		1052834D28C0DA81001CA6A4 /* TCA_ExampleTests.swift in Sources */ = {isa = PBXBuildFile; fileRef = 1052834C28C0DA81001CA6A4 /* TCA_ExampleTests.swift */; };
		1052835728C0DA81001CA6A4 /* TCA_ExampleUITests.swift in Sources */ = {isa = PBXBuildFile; fileRef = 1052835628C0DA81001CA6A4 /* TCA_ExampleUITests.swift */; };
		1052835928C0DA81001CA6A4 /* TCA_ExampleUITestsLaunchTests.swift in Sources */ = {isa = PBXBuildFile; fileRef = 1052835828C0DA81001CA6A4 /* TCA_ExampleUITestsLaunchTests.swift */; };
		1052836728C0DAB1001CA6A4 /* ComposableArchitecture in Frameworks */ = {isa = PBXBuildFile; productRef = 1052836628C0DAB1001CA6A4 /* ComposableArchitecture */; };
		1052836A28C0DB86001CA6A4 /* Realm in Frameworks */ = {isa = PBXBuildFile; productRef = 1052836928C0DB86001CA6A4 /* Realm */; };
		1052836C28C0DB86001CA6A4 /* RealmSwift in Frameworks */ = {isa = PBXBuildFile; productRef = 1052836B28C0DB86001CA6A4 /* RealmSwift */; };
/* End PBXBuildFile section */

/* Begin PBXContainerItemProxy section */
		1052834928C0DA81001CA6A4 /* PBXContainerItemProxy */ = {
			isa = PBXContainerItemProxy;
			containerPortal = 1052833028C0DA81001CA6A4 /* Project object */;
			proxyType = 1;
			remoteGlobalIDString = 1052833728C0DA81001CA6A4;
			remoteInfo = "TCA-Example";
		};
		1052835328C0DA81001CA6A4 /* PBXContainerItemProxy */ = {
			isa = PBXContainerItemProxy;
			containerPortal = 1052833028C0DA81001CA6A4 /* Project object */;
			proxyType = 1;
			remoteGlobalIDString = 1052833728C0DA81001CA6A4;
			remoteInfo = "TCA-Example";
		};
/* End PBXContainerItemProxy section */

/* Begin PBXFileReference section */
		1052833828C0DA81001CA6A4 /* TCA-Example.app */ = {isa = PBXFileReference; explicitFileType = wrapper.application; includeInIndex = 0; path = "TCA-Example.app"; sourceTree = BUILT_PRODUCTS_DIR; };
		1052833B28C0DA81001CA6A4 /* TCA_ExampleApp.swift */ = {isa = PBXFileReference; lastKnownFileType = sourcecode.swift; path = TCA_ExampleApp.swift; sourceTree = "<group>"; };
		1052833D28C0DA81001CA6A4 /* ContentView.swift */ = {isa = PBXFileReference; lastKnownFileType = sourcecode.swift; path = ContentView.swift; sourceTree = "<group>"; };
		1052833F28C0DA81001CA6A4 /* Assets.xcassets */ = {isa = PBXFileReference; lastKnownFileType = folder.assetcatalog; path = Assets.xcassets; sourceTree = "<group>"; };
		1052834228C0DA81001CA6A4 /* Preview Assets.xcassets */ = {isa = PBXFileReference; lastKnownFileType = folder.assetcatalog; path = "Preview Assets.xcassets"; sourceTree = "<group>"; };
		1052834828C0DA81001CA6A4 /* TCA-ExampleTests.xctest */ = {isa = PBXFileReference; explicitFileType = wrapper.cfbundle; includeInIndex = 0; path = "TCA-ExampleTests.xctest"; sourceTree = BUILT_PRODUCTS_DIR; };
		1052834C28C0DA81001CA6A4 /* TCA_ExampleTests.swift */ = {isa = PBXFileReference; lastKnownFileType = sourcecode.swift; path = TCA_ExampleTests.swift; sourceTree = "<group>"; };
		1052835228C0DA81001CA6A4 /* TCA-ExampleUITests.xctest */ = {isa = PBXFileReference; explicitFileType = wrapper.cfbundle; includeInIndex = 0; path = "TCA-ExampleUITests.xctest"; sourceTree = BUILT_PRODUCTS_DIR; };
		1052835628C0DA81001CA6A4 /* TCA_ExampleUITests.swift */ = {isa = PBXFileReference; lastKnownFileType = sourcecode.swift; path = TCA_ExampleUITests.swift; sourceTree = "<group>"; };
		1052835828C0DA81001CA6A4 /* TCA_ExampleUITestsLaunchTests.swift */ = {isa = PBXFileReference; lastKnownFileType = sourcecode.swift; path = TCA_ExampleUITestsLaunchTests.swift; sourceTree = "<group>"; };
/* End PBXFileReference section */

/* Begin PBXFrameworksBuildPhase section */
		1052833528C0DA81001CA6A4 /* Frameworks */ = {
			isa = PBXFrameworksBuildPhase;
			buildActionMask = 2147483647;
			files = (
				1052836C28C0DB86001CA6A4 /* RealmSwift in Frameworks */,
				1052836A28C0DB86001CA6A4 /* Realm in Frameworks */,
				1052836728C0DAB1001CA6A4 /* ComposableArchitecture in Frameworks */,
			);
			runOnlyForDeploymentPostprocessing = 0;
		};
		1052834528C0DA81001CA6A4 /* Frameworks */ = {
			isa = PBXFrameworksBuildPhase;
			buildActionMask = 2147483647;
			files = (
			);
			runOnlyForDeploymentPostprocessing = 0;
		};
		1052834F28C0DA81001CA6A4 /* Frameworks */ = {
			isa = PBXFrameworksBuildPhase;
			buildActionMask = 2147483647;
			files = (
			);
			runOnlyForDeploymentPostprocessing = 0;
		};
/* End PBXFrameworksBuildPhase section */

/* Begin PBXGroup section */
		1052832F28C0DA81001CA6A4 = {
			isa = PBXGroup;
			children = (
				1052833A28C0DA81001CA6A4 /* TCA-Example */,
				1052834B28C0DA81001CA6A4 /* TCA-ExampleTests */,
				1052835528C0DA81001CA6A4 /* TCA-ExampleUITests */,
				1052833928C0DA81001CA6A4 /* Products */,
			);
			sourceTree = "<group>";
		};
		1052833928C0DA81001CA6A4 /* Products */ = {
			isa = PBXGroup;
			children = (
				1052833828C0DA81001CA6A4 /* TCA-Example.app */,
				1052834828C0DA81001CA6A4 /* TCA-ExampleTests.xctest */,
				1052835228C0DA81001CA6A4 /* TCA-ExampleUITests.xctest */,
			);
			name = Products;
			sourceTree = "<group>";
		};
		1052833A28C0DA81001CA6A4 /* TCA-Example */ = {
			isa = PBXGroup;
			children = (
				1052833B28C0DA81001CA6A4 /* TCA_ExampleApp.swift */,
				1052833D28C0DA81001CA6A4 /* ContentView.swift */,
				1052833F28C0DA81001CA6A4 /* Assets.xcassets */,
				1052834128C0DA81001CA6A4 /* Preview Content */,
			);
			path = "TCA-Example";
			sourceTree = "<group>";
		};
		1052834128C0DA81001CA6A4 /* Preview Content */ = {
			isa = PBXGroup;
			children = (
				1052834228C0DA81001CA6A4 /* Preview Assets.xcassets */,
			);
			path = "Preview Content";
			sourceTree = "<group>";
		};
		1052834B28C0DA81001CA6A4 /* TCA-ExampleTests */ = {
			isa = PBXGroup;
			children = (
				1052834C28C0DA81001CA6A4 /* TCA_ExampleTests.swift */,
			);
			path = "TCA-ExampleTests";
			sourceTree = "<group>";
		};
		1052835528C0DA81001CA6A4 /* TCA-ExampleUITests */ = {
			isa = PBXGroup;
			children = (
				1052835628C0DA81001CA6A4 /* TCA_ExampleUITests.swift */,
				1052835828C0DA81001CA6A4 /* TCA_ExampleUITestsLaunchTests.swift */,
			);
			path = "TCA-ExampleUITests";
			sourceTree = "<group>";
		};
/* End PBXGroup section */

/* Begin PBXNativeTarget section */
		1052833728C0DA81001CA6A4 /* TCA-Example */ = {
			isa = PBXNativeTarget;
			buildConfigurationList = 1052835C28C0DA81001CA6A4 /* Build configuration list for PBXNativeTarget "TCA-Example" */;
			buildPhases = (
				1052833428C0DA81001CA6A4 /* Sources */,
				1052833528C0DA81001CA6A4 /* Frameworks */,
				1052833628C0DA81001CA6A4 /* Resources */,
			);
			buildRules = (
			);
			dependencies = (
			);
			name = "TCA-Example";
			packageProductDependencies = (
				1052836628C0DAB1001CA6A4 /* ComposableArchitecture */,
				1052836928C0DB86001CA6A4 /* Realm */,
				1052836B28C0DB86001CA6A4 /* RealmSwift */,
			);
			productName = "TCA-Example";
			productReference = 1052833828C0DA81001CA6A4 /* TCA-Example.app */;
			productType = "com.apple.product-type.application";
		};
		1052834728C0DA81001CA6A4 /* TCA-ExampleTests */ = {
			isa = PBXNativeTarget;
			buildConfigurationList = 1052835F28C0DA81001CA6A4 /* Build configuration list for PBXNativeTarget "TCA-ExampleTests" */;
			buildPhases = (
				1052834428C0DA81001CA6A4 /* Sources */,
				1052834528C0DA81001CA6A4 /* Frameworks */,
				1052834628C0DA81001CA6A4 /* Resources */,
			);
			buildRules = (
			);
			dependencies = (
				1052834A28C0DA81001CA6A4 /* PBXTargetDependency */,
			);
			name = "TCA-ExampleTests";
			productName = "TCA-ExampleTests";
			productReference = 1052834828C0DA81001CA6A4 /* TCA-ExampleTests.xctest */;
			productType = "com.apple.product-type.bundle.unit-test";
		};
		1052835128C0DA81001CA6A4 /* TCA-ExampleUITests */ = {
			isa = PBXNativeTarget;
			buildConfigurationList = 1052836228C0DA81001CA6A4 /* Build configuration list for PBXNativeTarget "TCA-ExampleUITests" */;
			buildPhases = (
				1052834E28C0DA81001CA6A4 /* Sources */,
				1052834F28C0DA81001CA6A4 /* Frameworks */,
				1052835028C0DA81001CA6A4 /* Resources */,
			);
			buildRules = (
			);
			dependencies = (
				1052835428C0DA81001CA6A4 /* PBXTargetDependency */,
			);
			name = "TCA-ExampleUITests";
			productName = "TCA-ExampleUITests";
			productReference = 1052835228C0DA81001CA6A4 /* TCA-ExampleUITests.xctest */;
			productType = "com.apple.product-type.bundle.ui-testing";
		};
/* End PBXNativeTarget section */

/* Begin PBXProject section */
		1052833028C0DA81001CA6A4 /* Project object */ = {
			isa = PBXProject;
			attributes = {
				BuildIndependentTargetsInParallel = 1;
				LastSwiftUpdateCheck = 1340;
				LastUpgradeCheck = 1340;
				TargetAttributes = {
					1052833728C0DA81001CA6A4 = {
						CreatedOnToolsVersion = 13.4.1;
					};
					1052834728C0DA81001CA6A4 = {
						CreatedOnToolsVersion = 13.4.1;
						TestTargetID = 1052833728C0DA81001CA6A4;
					};
					1052835128C0DA81001CA6A4 = {
						CreatedOnToolsVersion = 13.4.1;
						TestTargetID = 1052833728C0DA81001CA6A4;
					};
				};
			};
			buildConfigurationList = 1052833328C0DA81001CA6A4 /* Build configuration list for PBXProject "TCA-Example" */;
			compatibilityVersion = "Xcode 13.0";
			developmentRegion = en;
			hasScannedForEncodings = 0;
			knownRegions = (
				en,
				Base,
			);
			mainGroup = 1052832F28C0DA81001CA6A4;
			packageReferences = (
				1052836528C0DAB1001CA6A4 /* XCRemoteSwiftPackageReference "swift-composable-architecture" */,
				1052836828C0DB86001CA6A4 /* XCRemoteSwiftPackageReference "realm-swift" */,
			);
			productRefGroup = 1052833928C0DA81001CA6A4 /* Products */;
			projectDirPath = "";
			projectRoot = "";
			targets = (
				1052833728C0DA81001CA6A4 /* TCA-Example */,
				1052834728C0DA81001CA6A4 /* TCA-ExampleTests */,
				1052835128C0DA81001CA6A4 /* TCA-ExampleUITests */,
			);
		};
/* End PBXProject section */

/* Begin PBXResourcesBuildPhase section */
		1052833628C0DA81001CA6A4 /* Resources */ = {
			isa = PBXResourcesBuildPhase;
			buildActionMask = 2147483647;
			files = (
				1052834328C0DA81001CA6A4 /* Preview Assets.xcassets in Resources */,
				1052834028C0DA81001CA6A4 /* Assets.xcassets in Resources */,
			);
			runOnlyForDeploymentPostprocessing = 0;
		};
		1052834628C0DA81001CA6A4 /* Resources */ = {
			isa = PBXResourcesBuildPhase;
			buildActionMask = 2147483647;
			files = (
			);
			runOnlyForDeploymentPostprocessing = 0;
		};
		1052835028C0DA81001CA6A4 /* Resources */ = {
			isa = PBXResourcesBuildPhase;
			buildActionMask = 2147483647;
			files = (
			);
			runOnlyForDeploymentPostprocessing = 0;
		};
/* End PBXResourcesBuildPhase section */

/* Begin PBXSourcesBuildPhase section */
		1052833428C0DA81001CA6A4 /* Sources */ = {
			isa = PBXSourcesBuildPhase;
			buildActionMask = 2147483647;
			files = (
				1052833E28C0DA81001CA6A4 /* ContentView.swift in Sources */,
				1052833C28C0DA81001CA6A4 /* TCA_ExampleApp.swift in Sources */,
			);
			runOnlyForDeploymentPostprocessing = 0;
		};
		1052834428C0DA81001CA6A4 /* Sources */ = {
			isa = PBXSourcesBuildPhase;
			buildActionMask = 2147483647;
			files = (
				1052834D28C0DA81001CA6A4 /* TCA_ExampleTests.swift in Sources */,
			);
			runOnlyForDeploymentPostprocessing = 0;
		};
		1052834E28C0DA81001CA6A4 /* Sources */ = {
			isa = PBXSourcesBuildPhase;
			buildActionMask = 2147483647;
			files = (
				1052835928C0DA81001CA6A4 /* TCA_ExampleUITestsLaunchTests.swift in Sources */,
				1052835728C0DA81001CA6A4 /* TCA_ExampleUITests.swift in Sources */,
			);
			runOnlyForDeploymentPostprocessing = 0;
		};
/* End PBXSourcesBuildPhase section */

/* Begin PBXTargetDependency section */
		1052834A28C0DA81001CA6A4 /* PBXTargetDependency */ = {
			isa = PBXTargetDependency;
			target = 1052833728C0DA81001CA6A4 /* TCA-Example */;
			targetProxy = 1052834928C0DA81001CA6A4 /* PBXContainerItemProxy */;
		};
		1052835428C0DA81001CA6A4 /* PBXTargetDependency */ = {
			isa = PBXTargetDependency;
			target = 1052833728C0DA81001CA6A4 /* TCA-Example */;
			targetProxy = 1052835328C0DA81001CA6A4 /* PBXContainerItemProxy */;
		};
/* End PBXTargetDependency section */

/* Begin XCBuildConfiguration section */
		1052835A28C0DA81001CA6A4 /* Debug */ = {
			isa = XCBuildConfiguration;
			buildSettings = {
				ALWAYS_SEARCH_USER_PATHS = NO;
				CLANG_ANALYZER_NONNULL = YES;
				CLANG_ANALYZER_NUMBER_OBJECT_CONVERSION = YES_AGGRESSIVE;
				CLANG_CXX_LANGUAGE_STANDARD = "gnu++17";
				CLANG_ENABLE_MODULES = YES;
				CLANG_ENABLE_OBJC_ARC = YES;
				CLANG_ENABLE_OBJC_WEAK = YES;
				CLANG_WARN_BLOCK_CAPTURE_AUTORELEASING = YES;
				CLANG_WARN_BOOL_CONVERSION = YES;
				CLANG_WARN_COMMA = YES;
				CLANG_WARN_CONSTANT_CONVERSION = YES;
				CLANG_WARN_DEPRECATED_OBJC_IMPLEMENTATIONS = YES;
				CLANG_WARN_DIRECT_OBJC_ISA_USAGE = YES_ERROR;
				CLANG_WARN_DOCUMENTATION_COMMENTS = YES;
				CLANG_WARN_EMPTY_BODY = YES;
				CLANG_WARN_ENUM_CONVERSION = YES;
				CLANG_WARN_INFINITE_RECURSION = YES;
				CLANG_WARN_INT_CONVERSION = YES;
				CLANG_WARN_NON_LITERAL_NULL_CONVERSION = YES;
				CLANG_WARN_OBJC_IMPLICIT_RETAIN_SELF = YES;
				CLANG_WARN_OBJC_LITERAL_CONVERSION = YES;
				CLANG_WARN_OBJC_ROOT_CLASS = YES_ERROR;
				CLANG_WARN_QUOTED_INCLUDE_IN_FRAMEWORK_HEADER = YES;
				CLANG_WARN_RANGE_LOOP_ANALYSIS = YES;
				CLANG_WARN_STRICT_PROTOTYPES = YES;
				CLANG_WARN_SUSPICIOUS_MOVE = YES;
				CLANG_WARN_UNGUARDED_AVAILABILITY = YES_AGGRESSIVE;
				CLANG_WARN_UNREACHABLE_CODE = YES;
				CLANG_WARN__DUPLICATE_METHOD_MATCH = YES;
				COPY_PHASE_STRIP = NO;
				DEBUG_INFORMATION_FORMAT = dwarf;
				ENABLE_STRICT_OBJC_MSGSEND = YES;
				ENABLE_TESTABILITY = YES;
				GCC_C_LANGUAGE_STANDARD = gnu11;
				GCC_DYNAMIC_NO_PIC = NO;
				GCC_NO_COMMON_BLOCKS = YES;
				GCC_OPTIMIZATION_LEVEL = 0;
				GCC_PREPROCESSOR_DEFINITIONS = (
					"DEBUG=1",
					"$(inherited)",
				);
				GCC_WARN_64_TO_32_BIT_CONVERSION = YES;
				GCC_WARN_ABOUT_RETURN_TYPE = YES_ERROR;
				GCC_WARN_UNDECLARED_SELECTOR = YES;
				GCC_WARN_UNINITIALIZED_AUTOS = YES_AGGRESSIVE;
				GCC_WARN_UNUSED_FUNCTION = YES;
				GCC_WARN_UNUSED_VARIABLE = YES;
				IPHONEOS_DEPLOYMENT_TARGET = 15.5;
				MTL_ENABLE_DEBUG_INFO = INCLUDE_SOURCE;
				MTL_FAST_MATH = YES;
				ONLY_ACTIVE_ARCH = YES;
				SDKROOT = iphoneos;
				SWIFT_ACTIVE_COMPILATION_CONDITIONS = DEBUG;
				SWIFT_OPTIMIZATION_LEVEL = "-Onone";
			};
			name = Debug;
		};
		1052835B28C0DA81001CA6A4 /* Release */ = {
			isa = XCBuildConfiguration;
			buildSettings = {
				ALWAYS_SEARCH_USER_PATHS = NO;
				CLANG_ANALYZER_NONNULL = YES;
				CLANG_ANALYZER_NUMBER_OBJECT_CONVERSION = YES_AGGRESSIVE;
				CLANG_CXX_LANGUAGE_STANDARD = "gnu++17";
				CLANG_ENABLE_MODULES = YES;
				CLANG_ENABLE_OBJC_ARC = YES;
				CLANG_ENABLE_OBJC_WEAK = YES;
				CLANG_WARN_BLOCK_CAPTURE_AUTORELEASING = YES;
				CLANG_WARN_BOOL_CONVERSION = YES;
				CLANG_WARN_COMMA = YES;
				CLANG_WARN_CONSTANT_CONVERSION = YES;
				CLANG_WARN_DEPRECATED_OBJC_IMPLEMENTATIONS = YES;
				CLANG_WARN_DIRECT_OBJC_ISA_USAGE = YES_ERROR;
				CLANG_WARN_DOCUMENTATION_COMMENTS = YES;
				CLANG_WARN_EMPTY_BODY = YES;
				CLANG_WARN_ENUM_CONVERSION = YES;
				CLANG_WARN_INFINITE_RECURSION = YES;
				CLANG_WARN_INT_CONVERSION = YES;
				CLANG_WARN_NON_LITERAL_NULL_CONVERSION = YES;
				CLANG_WARN_OBJC_IMPLICIT_RETAIN_SELF = YES;
				CLANG_WARN_OBJC_LITERAL_CONVERSION = YES;
				CLANG_WARN_OBJC_ROOT_CLASS = YES_ERROR;
				CLANG_WARN_QUOTED_INCLUDE_IN_FRAMEWORK_HEADER = YES;
				CLANG_WARN_RANGE_LOOP_ANALYSIS = YES;
				CLANG_WARN_STRICT_PROTOTYPES = YES;
				CLANG_WARN_SUSPICIOUS_MOVE = YES;
				CLANG_WARN_UNGUARDED_AVAILABILITY = YES_AGGRESSIVE;
				CLANG_WARN_UNREACHABLE_CODE = YES;
				CLANG_WARN__DUPLICATE_METHOD_MATCH = YES;
				COPY_PHASE_STRIP = NO;
				DEBUG_INFORMATION_FORMAT = "dwarf-with-dsym";
				ENABLE_NS_ASSERTIONS = NO;
				ENABLE_STRICT_OBJC_MSGSEND = YES;
				GCC_C_LANGUAGE_STANDARD = gnu11;
				GCC_NO_COMMON_BLOCKS = YES;
				GCC_WARN_64_TO_32_BIT_CONVERSION = YES;
				GCC_WARN_ABOUT_RETURN_TYPE = YES_ERROR;
				GCC_WARN_UNDECLARED_SELECTOR = YES;
				GCC_WARN_UNINITIALIZED_AUTOS = YES_AGGRESSIVE;
				GCC_WARN_UNUSED_FUNCTION = YES;
				GCC_WARN_UNUSED_VARIABLE = YES;
				IPHONEOS_DEPLOYMENT_TARGET = 15.5;
				MTL_ENABLE_DEBUG_INFO = NO;
				MTL_FAST_MATH = YES;
				SDKROOT = iphoneos;
				SWIFT_COMPILATION_MODE = wholemodule;
				SWIFT_OPTIMIZATION_LEVEL = "-O";
				VALIDATE_PRODUCT = YES;
			};
			name = Release;
		};
		1052835D28C0DA81001CA6A4 /* Debug */ = {
			isa = XCBuildConfiguration;
			buildSettings = {
				ASSETCATALOG_COMPILER_APPICON_NAME = AppIcon;
				ASSETCATALOG_COMPILER_GLOBAL_ACCENT_COLOR_NAME = AccentColor;
				CODE_SIGN_STYLE = Automatic;
				CURRENT_PROJECT_VERSION = 1;
				DEVELOPMENT_ASSET_PATHS = "\"TCA-Example/Preview Content\"";
				DEVELOPMENT_TEAM = G959C5W2NC;
				ENABLE_PREVIEWS = YES;
				GENERATE_INFOPLIST_FILE = YES;
				INFOPLIST_KEY_UIApplicationSceneManifest_Generation = YES;
				INFOPLIST_KEY_UIApplicationSupportsIndirectInputEvents = YES;
				INFOPLIST_KEY_UILaunchScreen_Generation = YES;
				INFOPLIST_KEY_UISupportedInterfaceOrientations_iPad = "UIInterfaceOrientationPortrait UIInterfaceOrientationPortraitUpsideDown UIInterfaceOrientationLandscapeLeft UIInterfaceOrientationLandscapeRight";
				INFOPLIST_KEY_UISupportedInterfaceOrientations_iPhone = "UIInterfaceOrientationPortrait UIInterfaceOrientationLandscapeLeft UIInterfaceOrientationLandscapeRight";
				LD_RUNPATH_SEARCH_PATHS = (
					"$(inherited)",
					"@executable_path/Frameworks",
				);
				MARKETING_VERSION = 1.0;
				PRODUCT_BUNDLE_IDENTIFIER = "com.yeonpark.TCA-Example";
				PRODUCT_NAME = "$(TARGET_NAME)";
				SWIFT_EMIT_LOC_STRINGS = YES;
				SWIFT_VERSION = 5.0;
				TARGETED_DEVICE_FAMILY = "1,2";
			};
			name = Debug;
		};
		1052835E28C0DA81001CA6A4 /* Release */ = {
			isa = XCBuildConfiguration;
			buildSettings = {
				ASSETCATALOG_COMPILER_APPICON_NAME = AppIcon;
				ASSETCATALOG_COMPILER_GLOBAL_ACCENT_COLOR_NAME = AccentColor;
				CODE_SIGN_STYLE = Automatic;
				CURRENT_PROJECT_VERSION = 1;
				DEVELOPMENT_ASSET_PATHS = "\"TCA-Example/Preview Content\"";
				DEVELOPMENT_TEAM = G959C5W2NC;
				ENABLE_PREVIEWS = YES;
				GENERATE_INFOPLIST_FILE = YES;
				INFOPLIST_KEY_UIApplicationSceneManifest_Generation = YES;
				INFOPLIST_KEY_UIApplicationSupportsIndirectInputEvents = YES;
				INFOPLIST_KEY_UILaunchScreen_Generation = YES;
				INFOPLIST_KEY_UISupportedInterfaceOrientations_iPad = "UIInterfaceOrientationPortrait UIInterfaceOrientationPortraitUpsideDown UIInterfaceOrientationLandscapeLeft UIInterfaceOrientationLandscapeRight";
				INFOPLIST_KEY_UISupportedInterfaceOrientations_iPhone = "UIInterfaceOrientationPortrait UIInterfaceOrientationLandscapeLeft UIInterfaceOrientationLandscapeRight";
				LD_RUNPATH_SEARCH_PATHS = (
					"$(inherited)",
					"@executable_path/Frameworks",
				);
				MARKETING_VERSION = 1.0;
				PRODUCT_BUNDLE_IDENTIFIER = "com.yeonpark.TCA-Example";
				PRODUCT_NAME = "$(TARGET_NAME)";
				SWIFT_EMIT_LOC_STRINGS = YES;
				SWIFT_VERSION = 5.0;
				TARGETED_DEVICE_FAMILY = "1,2";
			};
			name = Release;
		};
		1052836028C0DA81001CA6A4 /* Debug */ = {
			isa = XCBuildConfiguration;
			buildSettings = {
				ALWAYS_EMBED_SWIFT_STANDARD_LIBRARIES = YES;
				BUNDLE_LOADER = "$(TEST_HOST)";
				CODE_SIGN_STYLE = Automatic;
				CURRENT_PROJECT_VERSION = 1;
				DEVELOPMENT_TEAM = G959C5W2NC;
				GENERATE_INFOPLIST_FILE = YES;
				IPHONEOS_DEPLOYMENT_TARGET = 15.5;
				MARKETING_VERSION = 1.0;
				PRODUCT_BUNDLE_IDENTIFIER = "com.yeonpark.TCA-ExampleTests";
				PRODUCT_NAME = "$(TARGET_NAME)";
				SWIFT_EMIT_LOC_STRINGS = NO;
				SWIFT_VERSION = 5.0;
				TARGETED_DEVICE_FAMILY = "1,2";
				TEST_HOST = "$(BUILT_PRODUCTS_DIR)/TCA-Example.app/TCA-Example";
			};
			name = Debug;
		};
		1052836128C0DA81001CA6A4 /* Release */ = {
			isa = XCBuildConfiguration;
			buildSettings = {
				ALWAYS_EMBED_SWIFT_STANDARD_LIBRARIES = YES;
				BUNDLE_LOADER = "$(TEST_HOST)";
				CODE_SIGN_STYLE = Automatic;
				CURRENT_PROJECT_VERSION = 1;
				DEVELOPMENT_TEAM = G959C5W2NC;
				GENERATE_INFOPLIST_FILE = YES;
				IPHONEOS_DEPLOYMENT_TARGET = 15.5;
				MARKETING_VERSION = 1.0;
				PRODUCT_BUNDLE_IDENTIFIER = "com.yeonpark.TCA-ExampleTests";
				PRODUCT_NAME = "$(TARGET_NAME)";
				SWIFT_EMIT_LOC_STRINGS = NO;
				SWIFT_VERSION = 5.0;
				TARGETED_DEVICE_FAMILY = "1,2";
				TEST_HOST = "$(BUILT_PRODUCTS_DIR)/TCA-Example.app/TCA-Example";
			};
			name = Release;
		};
		1052836328C0DA81001CA6A4 /* Debug */ = {
			isa = XCBuildConfiguration;
			buildSettings = {
				ALWAYS_EMBED_SWIFT_STANDARD_LIBRARIES = YES;
				CODE_SIGN_STYLE = Automatic;
				CURRENT_PROJECT_VERSION = 1;
				DEVELOPMENT_TEAM = G959C5W2NC;
				GENERATE_INFOPLIST_FILE = YES;
				MARKETING_VERSION = 1.0;
				PRODUCT_BUNDLE_IDENTIFIER = "com.yeonpark.TCA-ExampleUITests";
				PRODUCT_NAME = "$(TARGET_NAME)";
				SWIFT_EMIT_LOC_STRINGS = NO;
				SWIFT_VERSION = 5.0;
				TARGETED_DEVICE_FAMILY = "1,2";
				TEST_TARGET_NAME = "TCA-Example";
			};
			name = Debug;
		};
		1052836428C0DA81001CA6A4 /* Release */ = {
			isa = XCBuildConfiguration;
			buildSettings = {
				ALWAYS_EMBED_SWIFT_STANDARD_LIBRARIES = YES;
				CODE_SIGN_STYLE = Automatic;
				CURRENT_PROJECT_VERSION = 1;
				DEVELOPMENT_TEAM = G959C5W2NC;
				GENERATE_INFOPLIST_FILE = YES;
				MARKETING_VERSION = 1.0;
				PRODUCT_BUNDLE_IDENTIFIER = "com.yeonpark.TCA-ExampleUITests";
				PRODUCT_NAME = "$(TARGET_NAME)";
				SWIFT_EMIT_LOC_STRINGS = NO;
				SWIFT_VERSION = 5.0;
				TARGETED_DEVICE_FAMILY = "1,2";
				TEST_TARGET_NAME = "TCA-Example";
			};
			name = Release;
		};
/* End XCBuildConfiguration section */

/* Begin XCConfigurationList section */
		1052833328C0DA81001CA6A4 /* Build configuration list for PBXProject "TCA-Example" */ = {
			isa = XCConfigurationList;
			buildConfigurations = (
				1052835A28C0DA81001CA6A4 /* Debug */,
				1052835B28C0DA81001CA6A4 /* Release */,
			);
			defaultConfigurationIsVisible = 0;
			defaultConfigurationName = Release;
		};
		1052835C28C0DA81001CA6A4 /* Build configuration list for PBXNativeTarget "TCA-Example" */ = {
			isa = XCConfigurationList;
			buildConfigurations = (
				1052835D28C0DA81001CA6A4 /* Debug */,
				1052835E28C0DA81001CA6A4 /* Release */,
			);
			defaultConfigurationIsVisible = 0;
			defaultConfigurationName = Release;
		};
		1052835F28C0DA81001CA6A4 /* Build configuration list for PBXNativeTarget "TCA-ExampleTests" */ = {
			isa = XCConfigurationList;
			buildConfigurations = (
				1052836028C0DA81001CA6A4 /* Debug */,
				1052836128C0DA81001CA6A4 /* Release */,
			);
			defaultConfigurationIsVisible = 0;
			defaultConfigurationName = Release;
		};
		1052836228C0DA81001CA6A4 /* Build configuration list for PBXNativeTarget "TCA-ExampleUITests" */ = {
			isa = XCConfigurationList;
			buildConfigurations = (
				1052836328C0DA81001CA6A4 /* Debug */,
				1052836428C0DA81001CA6A4 /* Release */,
			);
			defaultConfigurationIsVisible = 0;
			defaultConfigurationName = Release;
		};
/* End XCConfigurationList section */

/* Begin XCRemoteSwiftPackageReference section */
		1052836528C0DAB1001CA6A4 /* XCRemoteSwiftPackageReference "swift-composable-architecture" */ = {
			isa = XCRemoteSwiftPackageReference;
			repositoryURL = "https://github.com/pointfreeco/swift-composable-architecture";
			requirement = {
				kind = upToNextMajorVersion;
				minimumVersion = 0.9.0;
			};
		};
		1052836828C0DB86001CA6A4 /* XCRemoteSwiftPackageReference "realm-swift" */ = {
			isa = XCRemoteSwiftPackageReference;
			repositoryURL = "https://github.com/realm/realm-swift.git";
			requirement = {
				branch = master;
				kind = branch;
			};
		};
/* End XCRemoteSwiftPackageReference section */

/* Begin XCSwiftPackageProductDependency section */
		1052836628C0DAB1001CA6A4 /* ComposableArchitecture */ = {
			isa = XCSwiftPackageProductDependency;
			package = 1052836528C0DAB1001CA6A4 /* XCRemoteSwiftPackageReference "swift-composable-architecture" */;
			productName = ComposableArchitecture;
		};
		1052836928C0DB86001CA6A4 /* Realm */ = {
			isa = XCSwiftPackageProductDependency;
			package = 1052836828C0DB86001CA6A4 /* XCRemoteSwiftPackageReference "realm-swift" */;
			productName = Realm;
		};
		1052836B28C0DB86001CA6A4 /* RealmSwift */ = {
			isa = XCSwiftPackageProductDependency;
			package = 1052836828C0DB86001CA6A4 /* XCRemoteSwiftPackageReference "realm-swift" */;
			productName = RealmSwift;
		};
/* End XCSwiftPackageProductDependency section */
	};
	rootObject = 1052833028C0DA81001CA6A4 /* Project object */;
}
